
Microsoft Visual Studio Solution File, Format Version 12.00
# Visual Studio Version 16
VisualStudioVersion = 16.0.808.3
MinimumVisualStudioVersion = 10.0.40219.1
Project("{FAE04EC0-301F-11D3-BF4B-00C04F79EFBC}") = "Daily_Cash_Trading_Limits", "Daily_Cash_Trading_Limits\Daily_Cash_Trading_Limits.csproj", "{2C1420DA-0C88-4E39-8DF8-EE66C5F459BD}"
EndProject
Global
	GlobalSection(SolutionConfigurationPlatforms) = preSolution
		Debug|Any CPU = Debug|Any CPU
		Release|Any CPU = Release|Any CPU
	EndGlobalSection
	GlobalSection(ProjectConfigurationPlatforms) = postSolution
		{2C1420DA-0C88-4E39-8DF8-EE66C5F459BD}.Debug|Any CPU.ActiveCfg = Debug|Any CPU
		{2C1420DA-0C88-4E39-8DF8-EE66C5F459BD}.Debug|Any CPU.Build.0 = Debug|Any CPU
		{2C1420DA-0C88-4E39-8DF8-EE66C5F459BD}.Release|Any CPU.ActiveCfg = Release|Any CPU
		{2C1420DA-0C88-4E39-8DF8-EE66C5F459BD}.Release|Any CPU.Build.0 = Release|Any CPU
	EndGlobalSection
	GlobalSection(SolutionProperties) = preSolution
		HideSolutionNode = FALSE
	EndGlobalSection
	GlobalSection(ExtensibilityGlobals) = postSolution
		SolutionGuid = {5BDCE8D5-E732-4067-BA45-EA5AF33F5E5B}
	EndGlobalSection
EndGlobal
